// !$*UTF8*$!
{
	archiveVersion = 1;
	classes = {
	};
	objectVersion = 48;
	objects = {

/* Begin PBXBuildFile section */
		1F9572191FEFA97E009720B9 /* AppDelegate.swift in Sources */ = {isa = PBXBuildFile; fileRef = 1F9572181FEFA97E009720B9 /* AppDelegate.swift */; };
		1F95721B1FEFA97E009720B9 /* ViewController.swift in Sources */ = {isa = PBXBuildFile; fileRef = 1F95721A1FEFA97E009720B9 /* ViewController.swift */; };
		1F95721E1FEFA97E009720B9 /* Main.storyboard in Resources */ = {isa = PBXBuildFile; fileRef = 1F95721C1FEFA97E009720B9 /* Main.storyboard */; };
		1F9572211FEFA97E009720B9 /* ticket_reader.xcdatamodeld in Sources */ = {isa = PBXBuildFile; fileRef = 1F95721F1FEFA97E009720B9 /* ticket_reader.xcdatamodeld */; };
		1F9572231FEFA97E009720B9 /* Assets.xcassets in Resources */ = {isa = PBXBuildFile; fileRef = 1F9572221FEFA97E009720B9 /* Assets.xcassets */; };
		1F9572261FEFA97E009720B9 /* LaunchScreen.storyboard in Resources */ = {isa = PBXBuildFile; fileRef = 1F9572241FEFA97E009720B9 /* LaunchScreen.storyboard */; };
		53A153F5D075AB41548ABC5D /* Pods_ticket_reader.framework in Frameworks */ = {isa = PBXBuildFile; fileRef = 5862D389A2971BC725E195C7 /* Pods_ticket_reader.framework */; };
/* End PBXBuildFile section */

/* Begin PBXFileReference section */
		1F0D687C1FF438D400E9FEE8 /* README.md */ = {isa = PBXFileReference; lastKnownFileType = net.daringfireball.markdown; path = README.md; sourceTree = "<group>"; };
		1F9572151FEFA97E009720B9 /* ticket_reader.app */ = {isa = PBXFileReference; explicitFileType = wrapper.application; includeInIndex = 0; path = ticket_reader.app; sourceTree = BUILT_PRODUCTS_DIR; };
		1F9572181FEFA97E009720B9 /* AppDelegate.swift */ = {isa = PBXFileReference; lastKnownFileType = sourcecode.swift; path = AppDelegate.swift; sourceTree = "<group>"; };
		1F95721A1FEFA97E009720B9 /* ViewController.swift */ = {isa = PBXFileReference; lastKnownFileType = sourcecode.swift; path = ViewController.swift; sourceTree = "<group>"; };
		1F95721D1FEFA97E009720B9 /* Base */ = {isa = PBXFileReference; lastKnownFileType = file.storyboard; name = Base; path = Base.lproj/Main.storyboard; sourceTree = "<group>"; };
		1F9572201FEFA97E009720B9 /* ticket_reader.xcdatamodel */ = {isa = PBXFileReference; lastKnownFileType = wrapper.xcdatamodel; path = ticket_reader.xcdatamodel; sourceTree = "<group>"; };
		1F9572221FEFA97E009720B9 /* Assets.xcassets */ = {isa = PBXFileReference; lastKnownFileType = folder.assetcatalog; path = Assets.xcassets; sourceTree = "<group>"; };
		1F9572251FEFA97E009720B9 /* Base */ = {isa = PBXFileReference; lastKnownFileType = file.storyboard; name = Base; path = Base.lproj/LaunchScreen.storyboard; sourceTree = "<group>"; };
		1F9572271FEFA97E009720B9 /* Info.plist */ = {isa = PBXFileReference; lastKnownFileType = text.plist.xml; path = Info.plist; sourceTree = "<group>"; };
		5862D389A2971BC725E195C7 /* Pods_ticket_reader.framework */ = {isa = PBXFileReference; explicitFileType = wrapper.framework; includeInIndex = 0; path = Pods_ticket_reader.framework; sourceTree = BUILT_PRODUCTS_DIR; };
		BF783FADE49811E4B2DEF480 /* Pods-ticket_reader.debug.xcconfig */ = {isa = PBXFileReference; includeInIndex = 1; lastKnownFileType = text.xcconfig; name = "Pods-ticket_reader.debug.xcconfig"; path = "Pods/Target Support Files/Pods-ticket_reader/Pods-ticket_reader.debug.xcconfig"; sourceTree = "<group>"; };
		E3FC03BF1C58D85ED24EC61A /* Pods-ticket_reader.release.xcconfig */ = {isa = PBXFileReference; includeInIndex = 1; lastKnownFileType = text.xcconfig; name = "Pods-ticket_reader.release.xcconfig"; path = "Pods/Target Support Files/Pods-ticket_reader/Pods-ticket_reader.release.xcconfig"; sourceTree = "<group>"; };
/* End PBXFileReference section */

/* Begin PBXFrameworksBuildPhase section */
		1F9572121FEFA97E009720B9 /* Frameworks */ = {
			isa = PBXFrameworksBuildPhase;
			buildActionMask = 2147483647;
			files = (
				53A153F5D075AB41548ABC5D /* Pods_ticket_reader.framework in Frameworks */,
			);
			runOnlyForDeploymentPostprocessing = 0;
		};
/* End PBXFrameworksBuildPhase section */

/* Begin PBXGroup section */
		1F95720C1FEFA97E009720B9 = {
			isa = PBXGroup;
			children = (
				1F9572171FEFA97E009720B9 /* ticket_reader */,
				1F9572161FEFA97E009720B9 /* Products */,
				8CA062F99FBC6B86B52EB064 /* Pods */,
				8E70418A9E0D089E8EFBA30E /* Frameworks */,
			);
			sourceTree = "<group>";
		};
		1F9572161FEFA97E009720B9 /* Products */ = {
			isa = PBXGroup;
			children = (
				1F9572151FEFA97E009720B9 /* ticket_reader.app */,
			);
			name = Products;
			sourceTree = "<group>";
		};
		1F9572171FEFA97E009720B9 /* ticket_reader */ = {
			isa = PBXGroup;
			children = (
				1F9572181FEFA97E009720B9 /* AppDelegate.swift */,
				1F95721A1FEFA97E009720B9 /* ViewController.swift */,
				1F95721C1FEFA97E009720B9 /* Main.storyboard */,
				1F9572221FEFA97E009720B9 /* Assets.xcassets */,
				1F9572241FEFA97E009720B9 /* LaunchScreen.storyboard */,
				1F9572271FEFA97E009720B9 /* Info.plist */,
				1F95721F1FEFA97E009720B9 /* ticket_reader.xcdatamodeld */,
				1F0D687C1FF438D400E9FEE8 /* README.md */,
			);
			path = ticket_reader;
			sourceTree = "<group>";
		};
		8CA062F99FBC6B86B52EB064 /* Pods */ = {
			isa = PBXGroup;
			children = (
				BF783FADE49811E4B2DEF480 /* Pods-ticket_reader.debug.xcconfig */,
				E3FC03BF1C58D85ED24EC61A /* Pods-ticket_reader.release.xcconfig */,
			);
			name = Pods;
			sourceTree = "<group>";
		};
		8E70418A9E0D089E8EFBA30E /* Frameworks */ = {
			isa = PBXGroup;
			children = (
				5862D389A2971BC725E195C7 /* Pods_ticket_reader.framework */,
			);
			name = Frameworks;
			sourceTree = "<group>";
		};
/* End PBXGroup section */

/* Begin PBXNativeTarget section */
		1F9572141FEFA97E009720B9 /* ticket_reader */ = {
			isa = PBXNativeTarget;
			buildConfigurationList = 1F95722A1FEFA97E009720B9 /* Build configuration list for PBXNativeTarget "ticket_reader" */;
			buildPhases = (
				B00909B330D100D88F3C7EFC /* [CP] Check Pods Manifest.lock */,
				1F9572111FEFA97E009720B9 /* Sources */,
				1F9572121FEFA97E009720B9 /* Frameworks */,
				1F9572131FEFA97E009720B9 /* Resources */,
				524022E538218241DE16285D /* [CP] Embed Pods Frameworks */,
				B5B304FE8464C4F4A7443EF6 /* [CP] Copy Pods Resources */,
			);
			buildRules = (
			);
			dependencies = (
			);
			name = ticket_reader;
			productName = ticket_reader;
			productReference = 1F9572151FEFA97E009720B9 /* ticket_reader.app */;
			productType = "com.apple.product-type.application";
		};
/* End PBXNativeTarget section */

/* Begin PBXProject section */
		1F95720D1FEFA97E009720B9 /* Project object */ = {
			isa = PBXProject;
			attributes = {
				LastSwiftUpdateCheck = 0910;
				LastUpgradeCheck = 0910;
				ORGANIZATIONNAME = Jeff;
				TargetAttributes = {
					1F9572141FEFA97E009720B9 = {
						CreatedOnToolsVersion = 9.1;
						ProvisioningStyle = Automatic;
					};
				};
			};
			buildConfigurationList = 1F9572101FEFA97E009720B9 /* Build configuration list for PBXProject "ticket_reader" */;
			compatibilityVersion = "Xcode 8.0";
			developmentRegion = en;
			hasScannedForEncodings = 0;
			knownRegions = (
				en,
				Base,
			);
			mainGroup = 1F95720C1FEFA97E009720B9;
			productRefGroup = 1F9572161FEFA97E009720B9 /* Products */;
			projectDirPath = "";
			projectRoot = "";
			targets = (
				1F9572141FEFA97E009720B9 /* ticket_reader */,
			);
		};
/* End PBXProject section */

/* Begin PBXResourcesBuildPhase section */
		1F9572131FEFA97E009720B9 /* Resources */ = {
			isa = PBXResourcesBuildPhase;
			buildActionMask = 2147483647;
			files = (
				1F9572261FEFA97E009720B9 /* LaunchScreen.storyboard in Resources */,
				1F9572231FEFA97E009720B9 /* Assets.xcassets in Resources */,
				1F95721E1FEFA97E009720B9 /* Main.storyboard in Resources */,
			);
			runOnlyForDeploymentPostprocessing = 0;
		};
/* End PBXResourcesBuildPhase section */

/* Begin PBXShellScriptBuildPhase section */
		524022E538218241DE16285D /* [CP] Embed Pods Frameworks */ = {
			isa = PBXShellScriptBuildPhase;
			buildActionMask = 2147483647;
			files = (
			);
			inputPaths = (
				"${SRCROOT}/Pods/Target Support Files/Pods-ticket_reader/Pods-ticket_reader-frameworks.sh",
				"${BUILT_PRODUCTS_DIR}/Alamofire/Alamofire.framework",
			);
			name = "[CP] Embed Pods Frameworks";
			outputPaths = (
				"${TARGET_BUILD_DIR}/${FRAMEWORKS_FOLDER_PATH}/Alamofire.framework",
			);
			runOnlyForDeploymentPostprocessing = 0;
			shellPath = /bin/sh;
			shellScript = "\"${SRCROOT}/Pods/Target Support Files/Pods-ticket_reader/Pods-ticket_reader-frameworks.sh\"\n";
			showEnvVarsInLog = 0;
		};
		B00909B330D100D88F3C7EFC /* [CP] Check Pods Manifest.lock */ = {
			isa = PBXShellScriptBuildPhase;
			buildActionMask = 2147483647;
			files = (
			);
			inputPaths = (
				"${PODS_PODFILE_DIR_PATH}/Podfile.lock",
				"${PODS_ROOT}/Manifest.lock",
			);
			name = "[CP] Check Pods Manifest.lock";
			outputPaths = (
				"$(DERIVED_FILE_DIR)/Pods-ticket_reader-checkManifestLockResult.txt",
			);
			runOnlyForDeploymentPostprocessing = 0;
			shellPath = /bin/sh;
			shellScript = "diff \"${PODS_PODFILE_DIR_PATH}/Podfile.lock\" \"${PODS_ROOT}/Manifest.lock\" > /dev/null\nif [ $? != 0 ] ; then\n    # print error to STDERR\n    echo \"error: The sandbox is not in sync with the Podfile.lock. Run 'pod install' or update your CocoaPods installation.\" >&2\n    exit 1\nfi\n# This output is used by Xcode 'outputs' to avoid re-running this script phase.\necho \"SUCCESS\" > \"${SCRIPT_OUTPUT_FILE_0}\"\n";
			showEnvVarsInLog = 0;
		};
		B5B304FE8464C4F4A7443EF6 /* [CP] Copy Pods Resources */ = {
			isa = PBXShellScriptBuildPhase;
			buildActionMask = 2147483647;
			files = (
			);
			inputPaths = (
			);
			name = "[CP] Copy Pods Resources";
			outputPaths = (
			);
			runOnlyForDeploymentPostprocessing = 0;
			shellPath = /bin/sh;
			shellScript = "\"${SRCROOT}/Pods/Target Support Files/Pods-ticket_reader/Pods-ticket_reader-resources.sh\"\n";
			showEnvVarsInLog = 0;
		};
/* End PBXShellScriptBuildPhase section */

/* Begin PBXSourcesBuildPhase section */
		1F9572111FEFA97E009720B9 /* Sources */ = {
			isa = PBXSourcesBuildPhase;
			buildActionMask = 2147483647;
			files = (
				1F95721B1FEFA97E009720B9 /* ViewController.swift in Sources */,
				1F9572191FEFA97E009720B9 /* AppDelegate.swift in Sources */,
				1F9572211FEFA97E009720B9 /* ticket_reader.xcdatamodeld in Sources */,
			);
			runOnlyForDeploymentPostprocessing = 0;
		};
/* End PBXSourcesBuildPhase section */

/* Begin PBXVariantGroup section */
		1F95721C1FEFA97E009720B9 /* Main.storyboard */ = {
			isa = PBXVariantGroup;
			children = (
				1F95721D1FEFA97E009720B9 /* Base */,
			);
			name = Main.storyboard;
			sourceTree = "<group>";
		};
		1F9572241FEFA97E009720B9 /* LaunchScreen.storyboard */ = {
			isa = PBXVariantGroup;
			children = (
				1F9572251FEFA97E009720B9 /* Base */,
			);
			name = LaunchScreen.storyboard;
			sourceTree = "<group>";
		};
/* End PBXVariantGroup section */

/* Begin XCBuildConfiguration section */
		1F9572281FEFA97E009720B9 /* Debug */ = {
			isa = XCBuildConfiguration;
			buildSettings = {
				ALWAYS_SEARCH_USER_PATHS = NO;
				CLANG_ANALYZER_NONNULL = YES;
				CLANG_ANALYZER_NUMBER_OBJECT_CONVERSION = YES_AGGRESSIVE;
				CLANG_CXX_LANGUAGE_STANDARD = "gnu++14";
				CLANG_CXX_LIBRARY = "libc++";
				CLANG_ENABLE_MODULES = YES;
				CLANG_ENABLE_OBJC_ARC = YES;
				CLANG_WARN_BLOCK_CAPTURE_AUTORELEASING = YES;
				CLANG_WARN_BOOL_CONVERSION = YES;
				CLANG_WARN_COMMA = YES;
				CLANG_WARN_CONSTANT_CONVERSION = YES;
				CLANG_WARN_DIRECT_OBJC_ISA_USAGE = YES_ERROR;
				CLANG_WARN_DOCUMENTATION_COMMENTS = YES;
				CLANG_WARN_EMPTY_BODY = YES;
				CLANG_WARN_ENUM_CONVERSION = YES;
				CLANG_WARN_INFINITE_RECURSION = YES;
				CLANG_WARN_INT_CONVERSION = YES;
				CLANG_WARN_NON_LITERAL_NULL_CONVERSION = YES;
				CLANG_WARN_OBJC_LITERAL_CONVERSION = YES;
				CLANG_WARN_OBJC_ROOT_CLASS = YES_ERROR;
				CLANG_WARN_RANGE_LOOP_ANALYSIS = YES;
				CLANG_WARN_STRICT_PROTOTYPES = YES;
				CLANG_WARN_SUSPICIOUS_MOVE = YES;
				CLANG_WARN_UNGUARDED_AVAILABILITY = YES_AGGRESSIVE;
				CLANG_WARN_UNREACHABLE_CODE = YES;
				CLANG_WARN__DUPLICATE_METHOD_MATCH = YES;
				CODE_SIGN_IDENTITY = "iPhone Developer";
				COPY_PHASE_STRIP = NO;
				DEBUG_INFORMATION_FORMAT = dwarf;
				ENABLE_STRICT_OBJC_MSGSEND = YES;
				ENABLE_TESTABILITY = YES;
				GCC_C_LANGUAGE_STANDARD = gnu11;
				GCC_DYNAMIC_NO_PIC = NO;
				GCC_NO_COMMON_BLOCKS = YES;
				GCC_OPTIMIZATION_LEVEL = 0;
				GCC_PREPROCESSOR_DEFINITIONS = (
					"DEBUG=1",
					"$(inherited)",
				);
				GCC_WARN_64_TO_32_BIT_CONVERSION = YES;
				GCC_WARN_ABOUT_RETURN_TYPE = YES_ERROR;
				GCC_WARN_UNDECLARED_SELECTOR = YES;
				GCC_WARN_UNINITIALIZED_AUTOS = YES_AGGRESSIVE;
				GCC_WARN_UNUSED_FUNCTION = YES;
				GCC_WARN_UNUSED_VARIABLE = YES;
				IPHONEOS_DEPLOYMENT_TARGET = 11.1;
				MTL_ENABLE_DEBUG_INFO = YES;
				ONLY_ACTIVE_ARCH = YES;
				SDKROOT = iphoneos;
				SWIFT_ACTIVE_COMPILATION_CONDITIONS = DEBUG;
				SWIFT_OPTIMIZATION_LEVEL = "-Onone";
			};
			name = Debug;
		};
		1F9572291FEFA97E009720B9 /* Release */ = {
			isa = XCBuildConfiguration;
			buildSettings = {
				ALWAYS_SEARCH_USER_PATHS = NO;
				CLANG_ANALYZER_NONNULL = YES;
				CLANG_ANALYZER_NUMBER_OBJECT_CONVERSION = YES_AGGRESSIVE;
				CLANG_CXX_LANGUAGE_STANDARD = "gnu++14";
				CLANG_CXX_LIBRARY = "libc++";
				CLANG_ENABLE_MODULES = YES;
				CLANG_ENABLE_OBJC_ARC = YES;
				CLANG_WARN_BLOCK_CAPTURE_AUTORELEASING = YES;
				CLANG_WARN_BOOL_CONVERSION = YES;
				CLANG_WARN_COMMA = YES;
				CLANG_WARN_CONSTANT_CONVERSION = YES;
				CLANG_WARN_DIRECT_OBJC_ISA_USAGE = YES_ERROR;
				CLANG_WARN_DOCUMENTATION_COMMENTS = YES;
				CLANG_WARN_EMPTY_BODY = YES;
				CLANG_WARN_ENUM_CONVERSION = YES;
				CLANG_WARN_INFINITE_RECURSION = YES;
				CLANG_WARN_INT_CONVERSION = YES;
				CLANG_WARN_NON_LITERAL_NULL_CONVERSION = YES;
				CLANG_WARN_OBJC_LITERAL_CONVERSION = YES;
				CLANG_WARN_OBJC_ROOT_CLASS = YES_ERROR;
				CLANG_WARN_RANGE_LOOP_ANALYSIS = YES;
				CLANG_WARN_STRICT_PROTOTYPES = YES;
				CLANG_WARN_SUSPICIOUS_MOVE = YES;
				CLANG_WARN_UNGUARDED_AVAILABILITY = YES_AGGRESSIVE;
				CLANG_WARN_UNREACHABLE_CODE = YES;
				CLANG_WARN__DUPLICATE_METHOD_MATCH = YES;
				CODE_SIGN_IDENTITY = "iPhone Developer";
				COPY_PHASE_STRIP = NO;
				DEBUG_INFORMATION_FORMAT = "dwarf-with-dsym";
				ENABLE_NS_ASSERTIONS = NO;
				ENABLE_STRICT_OBJC_MSGSEND = YES;
				GCC_C_LANGUAGE_STANDARD = gnu11;
				GCC_NO_COMMON_BLOCKS = YES;
				GCC_WARN_64_TO_32_BIT_CONVERSION = YES;
				GCC_WARN_ABOUT_RETURN_TYPE = YES_ERROR;
				GCC_WARN_UNDECLARED_SELECTOR = YES;
				GCC_WARN_UNINITIALIZED_AUTOS = YES_AGGRESSIVE;
				GCC_WARN_UNUSED_FUNCTION = YES;
				GCC_WARN_UNUSED_VARIABLE = YES;
				IPHONEOS_DEPLOYMENT_TARGET = 11.1;
				MTL_ENABLE_DEBUG_INFO = NO;
				SDKROOT = iphoneos;
				SWIFT_OPTIMIZATION_LEVEL = "-Owholemodule";
				VALIDATE_PRODUCT = YES;
			};
			name = Release;
		};
		1F95722B1FEFA97E009720B9 /* Debug */ = {
			isa = XCBuildConfiguration;
			baseConfigurationReference = BF783FADE49811E4B2DEF480 /* Pods-ticket_reader.debug.xcconfig */;
			buildSettings = {
				ASSETCATALOG_COMPILER_APPICON_NAME = AppIcon;
				CODE_SIGN_STYLE = Automatic;
				DEVELOPMENT_TEAM = Z52VDAXQLX;
				INFOPLIST_FILE = ticket_reader/Info.plist;
				LD_RUNPATH_SEARCH_PATHS = "$(inherited) @executable_path/Frameworks";
				PRODUCT_BUNDLE_IDENTIFIER = "com.example.ticket-reader";
				PRODUCT_NAME = "$(TARGET_NAME)";
				SWIFT_VERSION = 4.0;
				TARGETED_DEVICE_FAMILY = "1,2";
			};
			name = Debug;
		};
		1F95722C1FEFA97E009720B9 /* Release */ = {
			isa = XCBuildConfiguration;
			baseConfigurationReference = E3FC03BF1C58D85ED24EC61A /* Pods-ticket_reader.release.xcconfig */;
			buildSettings = {
				ASSETCATALOG_COMPILER_APPICON_NAME = AppIcon;
				CODE_SIGN_STYLE = Automatic;
				DEVELOPMENT_TEAM = Z52VDAXQLX;
				INFOPLIST_FILE = ticket_reader/Info.plist;
				LD_RUNPATH_SEARCH_PATHS = "$(inherited) @executable_path/Frameworks";
				PRODUCT_BUNDLE_IDENTIFIER = "com.example.ticket-reader";
				PRODUCT_NAME = "$(TARGET_NAME)";
				SWIFT_VERSION = 4.0;
				TARGETED_DEVICE_FAMILY = "1,2";
			};
			name = Release;
		};
/* End XCBuildConfiguration section */

/* Begin XCConfigurationList section */
		1F9572101FEFA97E009720B9 /* Build configuration list for PBXProject "ticket_reader" */ = {
			isa = XCConfigurationList;
			buildConfigurations = (
				1F9572281FEFA97E009720B9 /* Debug */,
				1F9572291FEFA97E009720B9 /* Release */,
			);
			defaultConfigurationIsVisible = 0;
			defaultConfigurationName = Release;
		};
		1F95722A1FEFA97E009720B9 /* Build configuration list for PBXNativeTarget "ticket_reader" */ = {
			isa = XCConfigurationList;
			buildConfigurations = (
				1F95722B1FEFA97E009720B9 /* Debug */,
				1F95722C1FEFA97E009720B9 /* Release */,
			);
			defaultConfigurationIsVisible = 0;
			defaultConfigurationName = Release;
		};
/* End XCConfigurationList section */

/* Begin XCVersionGroup section */
		1F95721F1FEFA97E009720B9 /* ticket_reader.xcdatamodeld */ = {
			isa = XCVersionGroup;
			children = (
				1F9572201FEFA97E009720B9 /* ticket_reader.xcdatamodel */,
			);
			currentVersion = 1F9572201FEFA97E009720B9 /* ticket_reader.xcdatamodel */;
			path = ticket_reader.xcdatamodeld;
			sourceTree = "<group>";
			versionGroupType = wrapper.xcdatamodel;
		};
/* End XCVersionGroup section */
	};
	rootObject = 1F95720D1FEFA97E009720B9 /* Project object */;
}
